// !$*UTF8*$!
{
	archiveVersion = 1;
	classes = {
	};
	objectVersion = 56;
	objects = {

/* Begin PBXBuildFile section */
		E749D5132C41AEA900A7C838 /* githubApp.swift in Sources */ = {isa = PBXBuildFile; fileRef = E749D5122C41AEA900A7C838 /* githubApp.swift */; };
		E749D5152C41AEA900A7C838 /* ContentView.swift in Sources */ = {isa = PBXBuildFile; fileRef = E749D5142C41AEA900A7C838 /* ContentView.swift */; };
		E749D5172C41AEB000A7C838 /* Assets.xcassets in Resources */ = {isa = PBXBuildFile; fileRef = E749D5162C41AEB000A7C838 /* Assets.xcassets */; };
		E749D51A2C41AEB000A7C838 /* Preview Assets.xcassets in Resources */ = {isa = PBXBuildFile; fileRef = E749D5192C41AEB000A7C838 /* Preview Assets.xcassets */; };
		E749D5242C41AEB100A7C838 /* githubTests.swift in Sources */ = {isa = PBXBuildFile; fileRef = E749D5232C41AEB100A7C838 /* githubTests.swift */; };
		E749D52E2C41AEB100A7C838 /* githubUITests.swift in Sources */ = {isa = PBXBuildFile; fileRef = E749D52D2C41AEB100A7C838 /* githubUITests.swift */; };
		E749D5302C41AEB100A7C838 /* githubUITestsLaunchTests.swift in Sources */ = {isa = PBXBuildFile; fileRef = E749D52F2C41AEB100A7C838 /* githubUITestsLaunchTests.swift */; };
/* End PBXBuildFile section */

/* Begin PBXContainerItemProxy section */
		E749D5202C41AEB100A7C838 /* PBXContainerItemProxy */ = {
			isa = PBXContainerItemProxy;
			containerPortal = E749D5072C41AEA900A7C838 /* Project object */;
			proxyType = 1;
			remoteGlobalIDString = E749D50E2C41AEA900A7C838;
			remoteInfo = github;
		};
		E749D52A2C41AEB100A7C838 /* PBXContainerItemProxy */ = {
			isa = PBXContainerItemProxy;
			containerPortal = E749D5072C41AEA900A7C838 /* Project object */;
			proxyType = 1;
			remoteGlobalIDString = E749D50E2C41AEA900A7C838;
			remoteInfo = github;
		};
/* End PBXContainerItemProxy section */

/* Begin PBXFileReference section */
		E749D50F2C41AEA900A7C838 /* github.app */ = {isa = PBXFileReference; explicitFileType = wrapper.application; includeInIndex = 0; path = github.app; sourceTree = BUILT_PRODUCTS_DIR; };
		E749D5122C41AEA900A7C838 /* githubApp.swift */ = {isa = PBXFileReference; lastKnownFileType = sourcecode.swift; path = githubApp.swift; sourceTree = "<group>"; };
		E749D5142C41AEA900A7C838 /* ContentView.swift */ = {isa = PBXFileReference; lastKnownFileType = sourcecode.swift; path = ContentView.swift; sourceTree = "<group>"; };
		E749D5162C41AEB000A7C838 /* Assets.xcassets */ = {isa = PBXFileReference; lastKnownFileType = folder.assetcatalog; path = Assets.xcassets; sourceTree = "<group>"; };
		E749D5192C41AEB000A7C838 /* Preview Assets.xcassets */ = {isa = PBXFileReference; lastKnownFileType = folder.assetcatalog; path = "Preview Assets.xcassets"; sourceTree = "<group>"; };
		E749D51F2C41AEB100A7C838 /* githubTests.xctest */ = {isa = PBXFileReference; explicitFileType = wrapper.cfbundle; includeInIndex = 0; path = githubTests.xctest; sourceTree = BUILT_PRODUCTS_DIR; };
		E749D5232C41AEB100A7C838 /* githubTests.swift */ = {isa = PBXFileReference; lastKnownFileType = sourcecode.swift; path = githubTests.swift; sourceTree = "<group>"; };
		E749D5292C41AEB100A7C838 /* githubUITests.xctest */ = {isa = PBXFileReference; explicitFileType = wrapper.cfbundle; includeInIndex = 0; path = githubUITests.xctest; sourceTree = BUILT_PRODUCTS_DIR; };
		E749D52D2C41AEB100A7C838 /* githubUITests.swift */ = {isa = PBXFileReference; lastKnownFileType = sourcecode.swift; path = githubUITests.swift; sourceTree = "<group>"; };
		E749D52F2C41AEB100A7C838 /* githubUITestsLaunchTests.swift */ = {isa = PBXFileReference; lastKnownFileType = sourcecode.swift; path = githubUITestsLaunchTests.swift; sourceTree = "<group>"; };
/* End PBXFileReference section */

/* Begin PBXFrameworksBuildPhase section */
		E749D50C2C41AEA900A7C838 /* Frameworks */ = {
			isa = PBXFrameworksBuildPhase;
			buildActionMask = 2147483647;
			files = (
			);
			runOnlyForDeploymentPostprocessing = 0;
		};
		E749D51C2C41AEB100A7C838 /* Frameworks */ = {
			isa = PBXFrameworksBuildPhase;
			buildActionMask = 2147483647;
			files = (
			);
			runOnlyForDeploymentPostprocessing = 0;
		};
		E749D5262C41AEB100A7C838 /* Frameworks */ = {
			isa = PBXFrameworksBuildPhase;
			buildActionMask = 2147483647;
			files = (
			);
			runOnlyForDeploymentPostprocessing = 0;
		};
/* End PBXFrameworksBuildPhase section */

/* Begin PBXGroup section */
		E749D5062C41AEA900A7C838 = {
			isa = PBXGroup;
			children = (
				E749D5112C41AEA900A7C838 /* github */,
				E749D5222C41AEB100A7C838 /* githubTests */,
				E749D52C2C41AEB100A7C838 /* githubUITests */,
				E749D5102C41AEA900A7C838 /* Products */,
			);
			sourceTree = "<group>";
		};
		E749D5102C41AEA900A7C838 /* Products */ = {
			isa = PBXGroup;
			children = (
				E749D50F2C41AEA900A7C838 /* github.app */,
				E749D51F2C41AEB100A7C838 /* githubTests.xctest */,
				E749D5292C41AEB100A7C838 /* githubUITests.xctest */,
			);
			name = Products;
			sourceTree = "<group>";
		};
		E749D5112C41AEA900A7C838 /* github */ = {
			isa = PBXGroup;
			children = (
				E749D5122C41AEA900A7C838 /* githubApp.swift */,
				E749D5142C41AEA900A7C838 /* ContentView.swift */,
				E749D5162C41AEB000A7C838 /* Assets.xcassets */,
				E749D5182C41AEB000A7C838 /* Preview Content */,
			);
			path = github;
			sourceTree = "<group>";
		};
		E749D5182C41AEB000A7C838 /* Preview Content */ = {
			isa = PBXGroup;
			children = (
				E749D5192C41AEB000A7C838 /* Preview Assets.xcassets */,
			);
			path = "Preview Content";
			sourceTree = "<group>";
		};
		E749D5222C41AEB100A7C838 /* githubTests */ = {
			isa = PBXGroup;
			children = (
				E749D5232C41AEB100A7C838 /* githubTests.swift */,
			);
			path = githubTests;
			sourceTree = "<group>";
		};
		E749D52C2C41AEB100A7C838 /* githubUITests */ = {
			isa = PBXGroup;
			children = (
				E749D52D2C41AEB100A7C838 /* githubUITests.swift */,
				E749D52F2C41AEB100A7C838 /* githubUITestsLaunchTests.swift */,
			);
			path = githubUITests;
			sourceTree = "<group>";
		};
/* End PBXGroup section */

/* Begin PBXNativeTarget section */
		E749D50E2C41AEA900A7C838 /* github */ = {
			isa = PBXNativeTarget;
			buildConfigurationList = E749D5332C41AEB100A7C838 /* Build configuration list for PBXNativeTarget "github" */;
			buildPhases = (
				E749D50B2C41AEA900A7C838 /* Sources */,
				E749D50C2C41AEA900A7C838 /* Frameworks */,
				E749D50D2C41AEA900A7C838 /* Resources */,
			);
			buildRules = (
			);
			dependencies = (
			);
			name = github;
			productName = github;
			productReference = E749D50F2C41AEA900A7C838 /* github.app */;
			productType = "com.apple.product-type.application";
		};
		E749D51E2C41AEB100A7C838 /* githubTests */ = {
			isa = PBXNativeTarget;
			buildConfigurationList = E749D5362C41AEB100A7C838 /* Build configuration list for PBXNativeTarget "githubTests" */;
			buildPhases = (
				E749D51B2C41AEB100A7C838 /* Sources */,
				E749D51C2C41AEB100A7C838 /* Frameworks */,
				E749D51D2C41AEB100A7C838 /* Resources */,
			);
			buildRules = (
			);
			dependencies = (
				E749D5212C41AEB100A7C838 /* PBXTargetDependency */,
			);
			name = githubTests;
			productName = githubTests;
			productReference = E749D51F2C41AEB100A7C838 /* githubTests.xctest */;
			productType = "com.apple.product-type.bundle.unit-test";
		};
		E749D5282C41AEB100A7C838 /* githubUITests */ = {
			isa = PBXNativeTarget;
			buildConfigurationList = E749D5392C41AEB100A7C838 /* Build configuration list for PBXNativeTarget "githubUITests" */;
			buildPhases = (
				E749D5252C41AEB100A7C838 /* Sources */,
				E749D5262C41AEB100A7C838 /* Frameworks */,
				E749D5272C41AEB100A7C838 /* Resources */,
			);
			buildRules = (
			);
			dependencies = (
				E749D52B2C41AEB100A7C838 /* PBXTargetDependency */,
			);
			name = githubUITests;
			productName = githubUITests;
			productReference = E749D5292C41AEB100A7C838 /* githubUITests.xctest */;
			productType = "com.apple.product-type.bundle.ui-testing";
		};
/* End PBXNativeTarget section */

/* Begin PBXProject section */
		E749D5072C41AEA900A7C838 /* Project object */ = {
			isa = PBXProject;
			attributes = {
				BuildIndependentTargetsInParallel = 1;
				LastSwiftUpdateCheck = 1540;
				LastUpgradeCheck = 1540;
				TargetAttributes = {
					E749D50E2C41AEA900A7C838 = {
						CreatedOnToolsVersion = 15.4;
					};
					E749D51E2C41AEB100A7C838 = {
						CreatedOnToolsVersion = 15.4;
						TestTargetID = E749D50E2C41AEA900A7C838;
					};
					E749D5282C41AEB100A7C838 = {
						CreatedOnToolsVersion = 15.4;
						TestTargetID = E749D50E2C41AEA900A7C838;
					};
				};
			};
			buildConfigurationList = E749D50A2C41AEA900A7C838 /* Build configuration list for PBXProject "github" */;
			compatibilityVersion = "Xcode 14.0";
			developmentRegion = en;
			hasScannedForEncodings = 0;
			knownRegions = (
				en,
				Base,
			);
			mainGroup = E749D5062C41AEA900A7C838;
			productRefGroup = E749D5102C41AEA900A7C838 /* Products */;
			projectDirPath = "";
			projectRoot = "";
			targets = (
				E749D50E2C41AEA900A7C838 /* github */,
				E749D51E2C41AEB100A7C838 /* githubTests */,
				E749D5282C41AEB100A7C838 /* githubUITests */,
			);
		};
/* End PBXProject section */

/* Begin PBXResourcesBuildPhase section */
		E749D50D2C41AEA900A7C838 /* Resources */ = {
			isa = PBXResourcesBuildPhase;
			buildActionMask = 2147483647;
			files = (
				E749D51A2C41AEB000A7C838 /* Preview Assets.xcassets in Resources */,
				E749D5172C41AEB000A7C838 /* Assets.xcassets in Resources */,
			);
			runOnlyForDeploymentPostprocessing = 0;
		};
		E749D51D2C41AEB100A7C838 /* Resources */ = {
			isa = PBXResourcesBuildPhase;
			buildActionMask = 2147483647;
			files = (
			);
			runOnlyForDeploymentPostprocessing = 0;
		};
		E749D5272C41AEB100A7C838 /* Resources */ = {
			isa = PBXResourcesBuildPhase;
			buildActionMask = 2147483647;
			files = (
			);
			runOnlyForDeploymentPostprocessing = 0;
		};
/* End PBXResourcesBuildPhase section */

/* Begin PBXSourcesBuildPhase section */
		E749D50B2C41AEA900A7C838 /* Sources */ = {
			isa = PBXSourcesBuildPhase;
			buildActionMask = 2147483647;
			files = (
				E749D5152C41AEA900A7C838 /* ContentView.swift in Sources */,
				E749D5132C41AEA900A7C838 /* githubApp.swift in Sources */,
			);
			runOnlyForDeploymentPostprocessing = 0;
		};
		E749D51B2C41AEB100A7C838 /* Sources */ = {
			isa = PBXSourcesBuildPhase;
			buildActionMask = 2147483647;
			files = (
				E749D5242C41AEB100A7C838 /* githubTests.swift in Sources */,
			);
			runOnlyForDeploymentPostprocessing = 0;
		};
		E749D5252C41AEB100A7C838 /* Sources */ = {
			isa = PBXSourcesBuildPhase;
			buildActionMask = 2147483647;
			files = (
				E749D52E2C41AEB100A7C838 /* githubUITests.swift in Sources */,
				E749D5302C41AEB100A7C838 /* githubUITestsLaunchTests.swift in Sources */,
			);
			runOnlyForDeploymentPostprocessing = 0;
		};
/* End PBXSourcesBuildPhase section */

/* Begin PBXTargetDependency section */
		E749D5212C41AEB100A7C838 /* PBXTargetDependency */ = {
			isa = PBXTargetDependency;
			target = E749D50E2C41AEA900A7C838 /* github */;
			targetProxy = E749D5202C41AEB100A7C838 /* PBXContainerItemProxy */;
		};
		E749D52B2C41AEB100A7C838 /* PBXTargetDependency */ = {
			isa = PBXTargetDependency;
			target = E749D50E2C41AEA900A7C838 /* github */;
			targetProxy = E749D52A2C41AEB100A7C838 /* PBXContainerItemProxy */;
		};
/* End PBXTargetDependency section */

/* Begin XCBuildConfiguration section */
		E749D5312C41AEB100A7C838 /* Debug */ = {
			isa = XCBuildConfiguration;
			buildSettings = {
				ALWAYS_SEARCH_USER_PATHS = NO;
				ASSETCATALOG_COMPILER_GENERATE_SWIFT_ASSET_SYMBOL_EXTENSIONS = YES;
				CLANG_ANALYZER_NONNULL = YES;
				CLANG_ANALYZER_NUMBER_OBJECT_CONVERSION = YES_AGGRESSIVE;
				CLANG_CXX_LANGUAGE_STANDARD = "gnu++20";
				CLANG_ENABLE_MODULES = YES;
				CLANG_ENABLE_OBJC_ARC = YES;
				CLANG_ENABLE_OBJC_WEAK = YES;
				CLANG_WARN_BLOCK_CAPTURE_AUTORELEASING = YES;
				CLANG_WARN_BOOL_CONVERSION = YES;
				CLANG_WARN_COMMA = YES;
				CLANG_WARN_CONSTANT_CONVERSION = YES;
				CLANG_WARN_DEPRECATED_OBJC_IMPLEMENTATIONS = YES;
				CLANG_WARN_DIRECT_OBJC_ISA_USAGE = YES_ERROR;
				CLANG_WARN_DOCUMENTATION_COMMENTS = YES;
				CLANG_WARN_EMPTY_BODY = YES;
				CLANG_WARN_ENUM_CONVERSION = YES;
				CLANG_WARN_INFINITE_RECURSION = YES;
				CLANG_WARN_INT_CONVERSION = YES;
				CLANG_WARN_NON_LITERAL_NULL_CONVERSION = YES;
				CLANG_WARN_OBJC_IMPLICIT_RETAIN_SELF = YES;
				CLANG_WARN_OBJC_LITERAL_CONVERSION = YES;
				CLANG_WARN_OBJC_ROOT_CLASS = YES_ERROR;
				CLANG_WARN_QUOTED_INCLUDE_IN_FRAMEWORK_HEADER = YES;
				CLANG_WARN_RANGE_LOOP_ANALYSIS = YES;
				CLANG_WARN_STRICT_PROTOTYPES = YES;
				CLANG_WARN_SUSPICIOUS_MOVE = YES;
				CLANG_WARN_UNGUARDED_AVAILABILITY = YES_AGGRESSIVE;
				CLANG_WARN_UNREACHABLE_CODE = YES;
				CLANG_WARN__DUPLICATE_METHOD_MATCH = YES;
				COPY_PHASE_STRIP = NO;
				DEBUG_INFORMATION_FORMAT = dwarf;
				ENABLE_STRICT_OBJC_MSGSEND = YES;
				ENABLE_TESTABILITY = YES;
				ENABLE_USER_SCRIPT_SANDBOXING = YES;
				GCC_C_LANGUAGE_STANDARD = gnu17;
				GCC_DYNAMIC_NO_PIC = NO;
				GCC_NO_COMMON_BLOCKS = YES;
				GCC_OPTIMIZATION_LEVEL = 0;
				GCC_PREPROCESSOR_DEFINITIONS = (
					"DEBUG=1",
					"$(inherited)",
				);
				GCC_WARN_64_TO_32_BIT_CONVERSION = YES;
				GCC_WARN_ABOUT_RETURN_TYPE = YES_ERROR;
				GCC_WARN_UNDECLARED_SELECTOR = YES;
				GCC_WARN_UNINITIALIZED_AUTOS = YES_AGGRESSIVE;
				GCC_WARN_UNUSED_FUNCTION = YES;
				GCC_WARN_UNUSED_VARIABLE = YES;
				IPHONEOS_DEPLOYMENT_TARGET = 17.5;
				LOCALIZATION_PREFERS_STRING_CATALOGS = YES;
				MTL_ENABLE_DEBUG_INFO = INCLUDE_SOURCE;
				MTL_FAST_MATH = YES;
				ONLY_ACTIVE_ARCH = YES;
				SDKROOT = iphoneos;
				SWIFT_ACTIVE_COMPILATION_CONDITIONS = "DEBUG $(inherited)";
				SWIFT_OPTIMIZATION_LEVEL = "-Onone";
			};
			name = Debug;
		};
		E749D5322C41AEB100A7C838 /* Release */ = {
			isa = XCBuildConfiguration;
			buildSettings = {
				ALWAYS_SEARCH_USER_PATHS = NO;
				ASSETCATALOG_COMPILER_GENERATE_SWIFT_ASSET_SYMBOL_EXTENSIONS = YES;
				CLANG_ANALYZER_NONNULL = YES;
				CLANG_ANALYZER_NUMBER_OBJECT_CONVERSION = YES_AGGRESSIVE;
				CLANG_CXX_LANGUAGE_STANDARD = "gnu++20";
				CLANG_ENABLE_MODULES = YES;
				CLANG_ENABLE_OBJC_ARC = YES;
				CLANG_ENABLE_OBJC_WEAK = YES;
				CLANG_WARN_BLOCK_CAPTURE_AUTORELEASING = YES;
				CLANG_WARN_BOOL_CONVERSION = YES;
				CLANG_WARN_COMMA = YES;
				CLANG_WARN_CONSTANT_CONVERSION = YES;
				CLANG_WARN_DEPRECATED_OBJC_IMPLEMENTATIONS = YES;
				CLANG_WARN_DIRECT_OBJC_ISA_USAGE = YES_ERROR;
				CLANG_WARN_DOCUMENTATION_COMMENTS = YES;
				CLANG_WARN_EMPTY_BODY = YES;
				CLANG_WARN_ENUM_CONVERSION = YES;
				CLANG_WARN_INFINITE_RECURSION = YES;
				CLANG_WARN_INT_CONVERSION = YES;
				CLANG_WARN_NON_LITERAL_NULL_CONVERSION = YES;
				CLANG_WARN_OBJC_IMPLICIT_RETAIN_SELF = YES;
				CLANG_WARN_OBJC_LITERAL_CONVERSION = YES;
				CLANG_WARN_OBJC_ROOT_CLASS = YES_ERROR;
				CLANG_WARN_QUOTED_INCLUDE_IN_FRAMEWORK_HEADER = YES;
				CLANG_WARN_RANGE_LOOP_ANALYSIS = YES;
				CLANG_WARN_STRICT_PROTOTYPES = YES;
				CLANG_WARN_SUSPICIOUS_MOVE = YES;
				CLANG_WARN_UNGUARDED_AVAILABILITY = YES_AGGRESSIVE;
				CLANG_WARN_UNREACHABLE_CODE = YES;
				CLANG_WARN__DUPLICATE_METHOD_MATCH = YES;
				COPY_PHASE_STRIP = NO;
				DEBUG_INFORMATION_FORMAT = "dwarf-with-dsym";
				ENABLE_NS_ASSERTIONS = NO;
				ENABLE_STRICT_OBJC_MSGSEND = YES;
				ENABLE_USER_SCRIPT_SANDBOXING = YES;
				GCC_C_LANGUAGE_STANDARD = gnu17;
				GCC_NO_COMMON_BLOCKS = YES;
				GCC_WARN_64_TO_32_BIT_CONVERSION = YES;
				GCC_WARN_ABOUT_RETURN_TYPE = YES_ERROR;
				GCC_WARN_UNDECLARED_SELECTOR = YES;
				GCC_WARN_UNINITIALIZED_AUTOS = YES_AGGRESSIVE;
				GCC_WARN_UNUSED_FUNCTION = YES;
				GCC_WARN_UNUSED_VARIABLE = YES;
				IPHONEOS_DEPLOYMENT_TARGET = 17.5;
				LOCALIZATION_PREFERS_STRING_CATALOGS = YES;
				MTL_ENABLE_DEBUG_INFO = NO;
				MTL_FAST_MATH = YES;
				SDKROOT = iphoneos;
				SWIFT_COMPILATION_MODE = wholemodule;
				VALIDATE_PRODUCT = YES;
			};
			name = Release;
		};
		E749D5342C41AEB100A7C838 /* Debug */ = {
			isa = XCBuildConfiguration;
			buildSettings = {
				ASSETCATALOG_COMPILER_APPICON_NAME = AppIcon;
				ASSETCATALOG_COMPILER_GLOBAL_ACCENT_COLOR_NAME = AccentColor;
				CODE_SIGN_STYLE = Automatic;
				CURRENT_PROJECT_VERSION = 1;
				DEVELOPMENT_ASSET_PATHS = "\"github/Preview Content\"";
				DEVELOPMENT_TEAM = MY39Y3ZXJ4;
				ENABLE_PREVIEWS = YES;
				GENERATE_INFOPLIST_FILE = YES;
				INFOPLIST_KEY_UIApplicationSceneManifest_Generation = YES;
				INFOPLIST_KEY_UIApplicationSupportsIndirectInputEvents = YES;
				INFOPLIST_KEY_UILaunchScreen_Generation = YES;
				INFOPLIST_KEY_UISupportedInterfaceOrientations_iPad = "UIInterfaceOrientationPortrait UIInterfaceOrientationPortraitUpsideDown UIInterfaceOrientationLandscapeLeft UIInterfaceOrientationLandscapeRight";
				INFOPLIST_KEY_UISupportedInterfaceOrientations_iPhone = "UIInterfaceOrientationPortrait UIInterfaceOrientationLandscapeLeft UIInterfaceOrientationLandscapeRight";
				LD_RUNPATH_SEARCH_PATHS = (
					"$(inherited)",
					"@executable_path/Frameworks",
				);
				MARKETING_VERSION = 1.0;
				PRODUCT_BUNDLE_IDENTIFIER = kwk.github;
				PRODUCT_NAME = "$(TARGET_NAME)";
				SWIFT_EMIT_LOC_STRINGS = YES;
				SWIFT_VERSION = 5.0;
				TARGETED_DEVICE_FAMILY = "1,2";
			};
			name = Debug;
		};
		E749D5352C41AEB100A7C838 /* Release */ = {
			isa = XCBuildConfiguration;
			buildSettings = {
				ASSETCATALOG_COMPILER_APPICON_NAME = AppIcon;
				ASSETCATALOG_COMPILER_GLOBAL_ACCENT_COLOR_NAME = AccentColor;
				CODE_SIGN_STYLE = Automatic;
				CURRENT_PROJECT_VERSION = 1;
				DEVELOPMENT_ASSET_PATHS = "\"github/Preview Content\"";
				DEVELOPMENT_TEAM = MY39Y3ZXJ4;
				ENABLE_PREVIEWS = YES;
				GENERATE_INFOPLIST_FILE = YES;
				INFOPLIST_KEY_UIApplicationSceneManifest_Generation = YES;
				INFOPLIST_KEY_UIApplicationSupportsIndirectInputEvents = YES;
				INFOPLIST_KEY_UILaunchScreen_Generation = YES;
				INFOPLIST_KEY_UISupportedInterfaceOrientations_iPad = "UIInterfaceOrientationPortrait UIInterfaceOrientationPortraitUpsideDown UIInterfaceOrientationLandscapeLeft UIInterfaceOrientationLandscapeRight";
				INFOPLIST_KEY_UISupportedInterfaceOrientations_iPhone = "UIInterfaceOrientationPortrait UIInterfaceOrientationLandscapeLeft UIInterfaceOrientationLandscapeRight";
				LD_RUNPATH_SEARCH_PATHS = (
					"$(inherited)",
					"@executable_path/Frameworks",
				);
				MARKETING_VERSION = 1.0;
				PRODUCT_BUNDLE_IDENTIFIER = kwk.github;
				PRODUCT_NAME = "$(TARGET_NAME)";
				SWIFT_EMIT_LOC_STRINGS = YES;
				SWIFT_VERSION = 5.0;
				TARGETED_DEVICE_FAMILY = "1,2";
			};
			name = Release;
		};
		E749D5372C41AEB100A7C838 /* Debug */ = {
			isa = XCBuildConfiguration;
			buildSettings = {
				ALWAYS_EMBED_SWIFT_STANDARD_LIBRARIES = YES;
				BUNDLE_LOADER = "$(TEST_HOST)";
				CODE_SIGN_STYLE = Automatic;
				CURRENT_PROJECT_VERSION = 1;
				DEVELOPMENT_TEAM = MY39Y3ZXJ4;
				GENERATE_INFOPLIST_FILE = YES;
				IPHONEOS_DEPLOYMENT_TARGET = 17.5;
				MARKETING_VERSION = 1.0;
				PRODUCT_BUNDLE_IDENTIFIER = kwk.githubTests;
				PRODUCT_NAME = "$(TARGET_NAME)";
				SWIFT_EMIT_LOC_STRINGS = NO;
				SWIFT_VERSION = 5.0;
				TARGETED_DEVICE_FAMILY = "1,2";
				TEST_HOST = "$(BUILT_PRODUCTS_DIR)/github.app/$(BUNDLE_EXECUTABLE_FOLDER_PATH)/github";
			};
			name = Debug;
		};
		E749D5382C41AEB100A7C838 /* Release */ = {
			isa = XCBuildConfiguration;
			buildSettings = {
				ALWAYS_EMBED_SWIFT_STANDARD_LIBRARIES = YES;
				BUNDLE_LOADER = "$(TEST_HOST)";
				CODE_SIGN_STYLE = Automatic;
				CURRENT_PROJECT_VERSION = 1;
				DEVELOPMENT_TEAM = MY39Y3ZXJ4;
				GENERATE_INFOPLIST_FILE = YES;
				IPHONEOS_DEPLOYMENT_TARGET = 17.5;
				MARKETING_VERSION = 1.0;
				PRODUCT_BUNDLE_IDENTIFIER = kwk.githubTests;
				PRODUCT_NAME = "$(TARGET_NAME)";
				SWIFT_EMIT_LOC_STRINGS = NO;
				SWIFT_VERSION = 5.0;
				TARGETED_DEVICE_FAMILY = "1,2";
				TEST_HOST = "$(BUILT_PRODUCTS_DIR)/github.app/$(BUNDLE_EXECUTABLE_FOLDER_PATH)/github";
			};
			name = Release;
		};
		E749D53A2C41AEB100A7C838 /* Debug */ = {
			isa = XCBuildConfiguration;
			buildSettings = {
				ALWAYS_EMBED_SWIFT_STANDARD_LIBRARIES = YES;
				CODE_SIGN_STYLE = Automatic;
				CURRENT_PROJECT_VERSION = 1;
				DEVELOPMENT_TEAM = MY39Y3ZXJ4;
				GENERATE_INFOPLIST_FILE = YES;
				MARKETING_VERSION = 1.0;
				PRODUCT_BUNDLE_IDENTIFIER = kwk.githubUITests;
				PRODUCT_NAME = "$(TARGET_NAME)";
				SWIFT_EMIT_LOC_STRINGS = NO;
				SWIFT_VERSION = 5.0;
				TARGETED_DEVICE_FAMILY = "1,2";
				TEST_TARGET_NAME = github;
			};
			name = Debug;
		};
		E749D53B2C41AEB100A7C838 /* Release */ = {
			isa = XCBuildConfiguration;
			buildSettings = {
				ALWAYS_EMBED_SWIFT_STANDARD_LIBRARIES = YES;
				CODE_SIGN_STYLE = Automatic;
				CURRENT_PROJECT_VERSION = 1;
				DEVELOPMENT_TEAM = MY39Y3ZXJ4;
				GENERATE_INFOPLIST_FILE = YES;
				MARKETING_VERSION = 1.0;
				PRODUCT_BUNDLE_IDENTIFIER = kwk.githubUITests;
				PRODUCT_NAME = "$(TARGET_NAME)";
				SWIFT_EMIT_LOC_STRINGS = NO;
				SWIFT_VERSION = 5.0;
				TARGETED_DEVICE_FAMILY = "1,2";
				TEST_TARGET_NAME = github;
			};
			name = Release;
		};
/* End XCBuildConfiguration section */

/* Begin XCConfigurationList section */
		E749D50A2C41AEA900A7C838 /* Build configuration list for PBXProject "github" */ = {
			isa = XCConfigurationList;
			buildConfigurations = (
				E749D5312C41AEB100A7C838 /* Debug */,
				E749D5322C41AEB100A7C838 /* Release */,
			);
			defaultConfigurationIsVisible = 0;
			defaultConfigurationName = Release;
		};
		E749D5332C41AEB100A7C838 /* Build configuration list for PBXNativeTarget "github" */ = {
			isa = XCConfigurationList;
			buildConfigurations = (
				E749D5342C41AEB100A7C838 /* Debug */,
				E749D5352C41AEB100A7C838 /* Release */,
			);
			defaultConfigurationIsVisible = 0;
			defaultConfigurationName = Release;
		};
		E749D5362C41AEB100A7C838 /* Build configuration list for PBXNativeTarget "githubTests" */ = {
			isa = XCConfigurationList;
			buildConfigurations = (
				E749D5372C41AEB100A7C838 /* Debug */,
				E749D5382C41AEB100A7C838 /* Release */,
			);
			defaultConfigurationIsVisible = 0;
			defaultConfigurationName = Release;
		};
		E749D5392C41AEB100A7C838 /* Build configuration list for PBXNativeTarget "githubUITests" */ = {
			isa = XCConfigurationList;
			buildConfigurations = (
				E749D53A2C41AEB100A7C838 /* Debug */,
				E749D53B2C41AEB100A7C838 /* Release */,
			);
			defaultConfigurationIsVisible = 0;
			defaultConfigurationName = Release;
		};
/* End XCConfigurationList section */
	};
	rootObject = E749D5072C41AEA900A7C838 /* Project object */;
}
